// !$*UTF8*$!
{
	archiveVersion = 1;
	classes = {
	};
	objectVersion = 50;
	objects = {

/* Begin PBXBuildFile section */
		FA49C43321944BAB000B1738 /* AppDelegate.m in Sources */ = {isa = PBXBuildFile; fileRef = FA49C43221944BAB000B1738 /* AppDelegate.m */; };
		FA49C43621944BAB000B1738 /* ViewController.m in Sources */ = {isa = PBXBuildFile; fileRef = FA49C43521944BAB000B1738 /* ViewController.m */; };
		FA49C43921944BAB000B1738 /* Main.storyboard in Resources */ = {isa = PBXBuildFile; fileRef = FA49C43721944BAB000B1738 /* Main.storyboard */; };
		FA49C43B21944BAC000B1738 /* Assets.xcassets in Resources */ = {isa = PBXBuildFile; fileRef = FA49C43A21944BAC000B1738 /* Assets.xcassets */; };
		FA49C43E21944BAC000B1738 /* LaunchScreen.storyboard in Resources */ = {isa = PBXBuildFile; fileRef = FA49C43C21944BAC000B1738 /* LaunchScreen.storyboard */; };
		FA49C44121944BAC000B1738 /* main.m in Sources */ = {isa = PBXBuildFile; fileRef = FA49C44021944BAC000B1738 /* main.m */; };
		FA49C44921944C0F000B1738 /* ASDrawningView.m in Sources */ = {isa = PBXBuildFile; fileRef = FA49C44821944C0F000B1738 /* ASDrawningView.m */; };
/* End PBXBuildFile section */

/* Begin PBXFileReference section */
		FA49C42E21944BAB000B1738 /* DrawningsTest.app */ = {isa = PBXFileReference; explicitFileType = wrapper.application; includeInIndex = 0; path = DrawningsTest.app; sourceTree = BUILT_PRODUCTS_DIR; };
		FA49C43121944BAB000B1738 /* AppDelegate.h */ = {isa = PBXFileReference; lastKnownFileType = sourcecode.c.h; path = AppDelegate.h; sourceTree = "<group>"; };
		FA49C43221944BAB000B1738 /* AppDelegate.m */ = {isa = PBXFileReference; lastKnownFileType = sourcecode.c.objc; path = AppDelegate.m; sourceTree = "<group>"; };
		FA49C43421944BAB000B1738 /* ViewController.h */ = {isa = PBXFileReference; lastKnownFileType = sourcecode.c.h; path = ViewController.h; sourceTree = "<group>"; };
		FA49C43521944BAB000B1738 /* ViewController.m */ = {isa = PBXFileReference; lastKnownFileType = sourcecode.c.objc; path = ViewController.m; sourceTree = "<group>"; };
		FA49C43821944BAB000B1738 /* Base */ = {isa = PBXFileReference; lastKnownFileType = file.storyboard; name = Base; path = Base.lproj/Main.storyboard; sourceTree = "<group>"; };
		FA49C43A21944BAC000B1738 /* Assets.xcassets */ = {isa = PBXFileReference; lastKnownFileType = folder.assetcatalog; path = Assets.xcassets; sourceTree = "<group>"; };
		FA49C43D21944BAC000B1738 /* Base */ = {isa = PBXFileReference; lastKnownFileType = file.storyboard; name = Base; path = Base.lproj/LaunchScreen.storyboard; sourceTree = "<group>"; };
		FA49C43F21944BAC000B1738 /* Info.plist */ = {isa = PBXFileReference; lastKnownFileType = text.plist.xml; path = Info.plist; sourceTree = "<group>"; };
		FA49C44021944BAC000B1738 /* main.m */ = {isa = PBXFileReference; lastKnownFileType = sourcecode.c.objc; path = main.m; sourceTree = "<group>"; };
		FA49C44721944C0F000B1738 /* ASDrawningView.h */ = {isa = PBXFileReference; lastKnownFileType = sourcecode.c.h; path = ASDrawningView.h; sourceTree = "<group>"; };
		FA49C44821944C0F000B1738 /* ASDrawningView.m */ = {isa = PBXFileReference; lastKnownFileType = sourcecode.c.objc; path = ASDrawningView.m; sourceTree = "<group>"; };
/* End PBXFileReference section */

/* Begin PBXFrameworksBuildPhase section */
		FA49C42B21944BAB000B1738 /* Frameworks */ = {
			isa = PBXFrameworksBuildPhase;
			buildActionMask = 2147483647;
			files = (
			);
			runOnlyForDeploymentPostprocessing = 0;
		};
/* End PBXFrameworksBuildPhase section */

/* Begin PBXGroup section */
		FA49C42521944BAB000B1738 = {
			isa = PBXGroup;
			children = (
				FA49C43021944BAB000B1738 /* DrawningsTest */,
				FA49C42F21944BAB000B1738 /* Products */,
			);
			sourceTree = "<group>";
		};
		FA49C42F21944BAB000B1738 /* Products */ = {
			isa = PBXGroup;
			children = (
				FA49C42E21944BAB000B1738 /* DrawningsTest.app */,
			);
			name = Products;
			sourceTree = "<group>";
		};
		FA49C43021944BAB000B1738 /* DrawningsTest */ = {
			isa = PBXGroup;
			children = (
				FA49C43121944BAB000B1738 /* AppDelegate.h */,
				FA49C43221944BAB000B1738 /* AppDelegate.m */,
				FA49C43421944BAB000B1738 /* ViewController.h */,
				FA49C43521944BAB000B1738 /* ViewController.m */,
				FA49C44721944C0F000B1738 /* ASDrawningView.h */,
				FA49C44821944C0F000B1738 /* ASDrawningView.m */,
				FA49C43721944BAB000B1738 /* Main.storyboard */,
				FA49C43A21944BAC000B1738 /* Assets.xcassets */,
				FA49C43C21944BAC000B1738 /* LaunchScreen.storyboard */,
				FA49C43F21944BAC000B1738 /* Info.plist */,
				FA49C44021944BAC000B1738 /* main.m */,
			);
			path = DrawningsTest;
			sourceTree = "<group>";
		};
/* End PBXGroup section */

/* Begin PBXNativeTarget section */
		FA49C42D21944BAB000B1738 /* DrawningsTest */ = {
			isa = PBXNativeTarget;
			buildConfigurationList = FA49C44421944BAC000B1738 /* Build configuration list for PBXNativeTarget "DrawningsTest" */;
			buildPhases = (
				FA49C42A21944BAB000B1738 /* Sources */,
				FA49C42B21944BAB000B1738 /* Frameworks */,
				FA49C42C21944BAB000B1738 /* Resources */,
			);
			buildRules = (
			);
			dependencies = (
			);
			name = DrawningsTest;
			productName = DrawningsTest;
			productReference = FA49C42E21944BAB000B1738 /* DrawningsTest.app */;
			productType = "com.apple.product-type.application";
		};
/* End PBXNativeTarget section */

/* Begin PBXProject section */
		FA49C42621944BAB000B1738 /* Project object */ = {
			isa = PBXProject;
			attributes = {
				LastUpgradeCheck = 1000;
				ORGANIZATIONNAME = "Alex Shpilenia";
				TargetAttributes = {
					FA49C42D21944BAB000B1738 = {
						CreatedOnToolsVersion = 10.0;
					};
				};
			};
			buildConfigurationList = FA49C42921944BAB000B1738 /* Build configuration list for PBXProject "DrawningsTest" */;
			compatibilityVersion = "Xcode 9.3";
			developmentRegion = en;
			hasScannedForEncodings = 0;
			knownRegions = (
				en,
				Base,
			);
			mainGroup = FA49C42521944BAB000B1738;
			productRefGroup = FA49C42F21944BAB000B1738 /* Products */;
			projectDirPath = "";
			projectRoot = "";
			targets = (
				FA49C42D21944BAB000B1738 /* DrawningsTest */,
			);
		};
/* End PBXProject section */

/* Begin PBXResourcesBuildPhase section */
		FA49C42C21944BAB000B1738 /* Resources */ = {
			isa = PBXResourcesBuildPhase;
			buildActionMask = 2147483647;
			files = (
				FA49C43E21944BAC000B1738 /* LaunchScreen.storyboard in Resources */,
				FA49C43B21944BAC000B1738 /* Assets.xcassets in Resources */,
				FA49C43921944BAB000B1738 /* Main.storyboard in Resources */,
			);
			runOnlyForDeploymentPostprocessing = 0;
		};
/* End PBXResourcesBuildPhase section */

/* Begin PBXSourcesBuildPhase section */
		FA49C42A21944BAB000B1738 /* Sources */ = {
			isa = PBXSourcesBuildPhase;
			buildActionMask = 2147483647;
			files = (
				FA49C44921944C0F000B1738 /* ASDrawningView.m in Sources */,
				FA49C43621944BAB000B1738 /* ViewController.m in Sources */,
				FA49C44121944BAC000B1738 /* main.m in Sources */,
				FA49C43321944BAB000B1738 /* AppDelegate.m in Sources */,
			);
			runOnlyForDeploymentPostprocessing = 0;
		};
/* End PBXSourcesBuildPhase section */

/* Begin PBXVariantGroup section */
		FA49C43721944BAB000B1738 /* Main.storyboard */ = {
			isa = PBXVariantGroup;
			children = (
				FA49C43821944BAB000B1738 /* Base */,
			);
			name = Main.storyboard;
			sourceTree = "<group>";
		};
		FA49C43C21944BAC000B1738 /* LaunchScreen.storyboard */ = {
			isa = PBXVariantGroup;
			children = (
				FA49C43D21944BAC000B1738 /* Base */,
			);
			name = LaunchScreen.storyboard;
			sourceTree = "<group>";
		};
/* End PBXVariantGroup section */

/* Begin XCBuildConfiguration section */
		FA49C44221944BAC000B1738 /* Debug */ = {
			isa = XCBuildConfiguration;
			buildSettings = {
				ALWAYS_SEARCH_USER_PATHS = NO;
				CLANG_ANALYZER_NONNULL = YES;
				CLANG_ANALYZER_NUMBER_OBJECT_CONVERSION = YES_AGGRESSIVE;
				CLANG_CXX_LANGUAGE_STANDARD = "gnu++14";
				CLANG_CXX_LIBRARY = "libc++";
				CLANG_ENABLE_MODULES = YES;
				CLANG_ENABLE_OBJC_ARC = YES;
				CLANG_ENABLE_OBJC_WEAK = YES;
				CLANG_WARN_BLOCK_CAPTURE_AUTORELEASING = YES;
				CLANG_WARN_BOOL_CONVERSION = YES;
				CLANG_WARN_COMMA = YES;
				CLANG_WARN_CONSTANT_CONVERSION = YES;
				CLANG_WARN_DEPRECATED_OBJC_IMPLEMENTATIONS = YES;
				CLANG_WARN_DIRECT_OBJC_ISA_USAGE = YES_ERROR;
				CLANG_WARN_DOCUMENTATION_COMMENTS = YES;
				CLANG_WARN_EMPTY_BODY = YES;
				CLANG_WARN_ENUM_CONVERSION = YES;
				CLANG_WARN_INFINITE_RECURSION = YES;
				CLANG_WARN_INT_CONVERSION = YES;
				CLANG_WARN_NON_LITERAL_NULL_CONVERSION = YES;
				CLANG_WARN_OBJC_IMPLICIT_RETAIN_SELF = YES;
				CLANG_WARN_OBJC_LITERAL_CONVERSION = YES;
				CLANG_WARN_OBJC_ROOT_CLASS = YES_ERROR;
				CLANG_WARN_RANGE_LOOP_ANALYSIS = YES;
				CLANG_WARN_STRICT_PROTOTYPES = YES;
				CLANG_WARN_SUSPICIOUS_MOVE = YES;
				CLANG_WARN_UNGUARDED_AVAILABILITY = YES_AGGRESSIVE;
				CLANG_WARN_UNREACHABLE_CODE = YES;
				CLANG_WARN__DUPLICATE_METHOD_MATCH = YES;
				CODE_SIGN_IDENTITY = "iPhone Developer";
				COPY_PHASE_STRIP = NO;
				DEBUG_INFORMATION_FORMAT = dwarf;
				ENABLE_STRICT_OBJC_MSGSEND = YES;
				ENABLE_TESTABILITY = YES;
				GCC_C_LANGUAGE_STANDARD = gnu11;
				GCC_DYNAMIC_NO_PIC = NO;
				GCC_NO_COMMON_BLOCKS = YES;
				GCC_OPTIMIZATION_LEVEL = 0;
				GCC_PREPROCESSOR_DEFINITIONS = (
					"DEBUG=1",
					"$(inherited)",
				);
				GCC_WARN_64_TO_32_BIT_CONVERSION = YES;
				GCC_WARN_ABOUT_RETURN_TYPE = YES_ERROR;
				GCC_WARN_UNDECLARED_SELECTOR = YES;
				GCC_WARN_UNINITIALIZED_AUTOS = YES_AGGRESSIVE;
				GCC_WARN_UNUSED_FUNCTION = YES;
				GCC_WARN_UNUSED_VARIABLE = YES;
				IPHONEOS_DEPLOYMENT_TARGET = 12.0;
				MTL_ENABLE_DEBUG_INFO = INCLUDE_SOURCE;
				MTL_FAST_MATH = YES;
				ONLY_ACTIVE_ARCH = YES;
				SDKROOT = iphoneos;
			};
			name = Debug;
		};
		FA49C44321944BAC000B1738 /* Release */ = {
			isa = XCBuildConfiguration;
			buildSettings = {
				ALWAYS_SEARCH_USER_PATHS = NO;
				CLANG_ANALYZER_NONNULL = YES;
				CLANG_ANALYZER_NUMBER_OBJECT_CONVERSION = YES_AGGRESSIVE;
				CLANG_CXX_LANGUAGE_STANDARD = "gnu++14";
				CLANG_CXX_LIBRARY = "libc++";
				CLANG_ENABLE_MODULES = YES;
				CLANG_ENABLE_OBJC_ARC = YES;
				CLANG_ENABLE_OBJC_WEAK = YES;
				CLANG_WARN_BLOCK_CAPTURE_AUTORELEASING = YES;
				CLANG_WARN_BOOL_CONVERSION = YES;
				CLANG_WARN_COMMA = YES;
				CLANG_WARN_CONSTANT_CONVERSION = YES;
				CLANG_WARN_DEPRECATED_OBJC_IMPLEMENTATIONS = YES;
				CLANG_WARN_DIRECT_OBJC_ISA_USAGE = YES_ERROR;
				CLANG_WARN_DOCUMENTATION_COMMENTS = YES;
				CLANG_WARN_EMPTY_BODY = YES;
				CLANG_WARN_ENUM_CONVERSION = YES;
				CLANG_WARN_INFINITE_RECURSION = YES;
				CLANG_WARN_INT_CONVERSION = YES;
				CLANG_WARN_NON_LITERAL_NULL_CONVERSION = YES;
				CLANG_WARN_OBJC_IMPLICIT_RETAIN_SELF = YES;
				CLANG_WARN_OBJC_LITERAL_CONVERSION = YES;
				CLANG_WARN_OBJC_ROOT_CLASS = YES_ERROR;
				CLANG_WARN_RANGE_LOOP_ANALYSIS = YES;
				CLANG_WARN_STRICT_PROTOTYPES = YES;
				CLANG_WARN_SUSPICIOUS_MOVE = YES;
				CLANG_WARN_UNGUARDED_AVAILABILITY = YES_AGGRESSIVE;
				CLANG_WARN_UNREACHABLE_CODE = YES;
				CLANG_WARN__DUPLICATE_METHOD_MATCH = YES;
				CODE_SIGN_IDENTITY = "iPhone Developer";
				COPY_PHASE_STRIP = NO;
				DEBUG_INFORMATION_FORMAT = "dwarf-with-dsym";
				ENABLE_NS_ASSERTIONS = NO;
				ENABLE_STRICT_OBJC_MSGSEND = YES;
				GCC_C_LANGUAGE_STANDARD = gnu11;
				GCC_NO_COMMON_BLOCKS = YES;
				GCC_WARN_64_TO_32_BIT_CONVERSION = YES;
				GCC_WARN_ABOUT_RETURN_TYPE = YES_ERROR;
				GCC_WARN_UNDECLARED_SELECTOR = YES;
				GCC_WARN_UNINITIALIZED_AUTOS = YES_AGGRESSIVE;
				GCC_WARN_UNUSED_FUNCTION = YES;
				GCC_WARN_UNUSED_VARIABLE = YES;
				IPHONEOS_DEPLOYMENT_TARGET = 12.0;
				MTL_ENABLE_DEBUG_INFO = NO;
				MTL_FAST_MATH = YES;
				SDKROOT = iphoneos;
				VALIDATE_PRODUCT = YES;
			};
			name = Release;
		};
		FA49C44521944BAC000B1738 /* Debug */ = {
			isa = XCBuildConfiguration;
			buildSettings = {
				ASSETCATALOG_COMPILER_APPICON_NAME = AppIcon;
				CODE_SIGN_STYLE = Automatic;
				DEVELOPMENT_TEAM = SRHNCNXVQ9;
				INFOPLIST_FILE = DrawningsTest/Info.plist;
				LD_RUNPATH_SEARCH_PATHS = (
					"$(inherited)",
					"@executable_path/Frameworks",
				);
				PRODUCT_BUNDLE_IDENTIFIER = AS.DrawningsTest;
				PRODUCT_NAME = "$(TARGET_NAME)";
				TARGETED_DEVICE_FAMILY = "1,2";
			};
			name = Debug;
		};
		FA49C44621944BAC000B1738 /* Release */ = {
			isa = XCBuildConfiguration;
			buildSettings = {
				ASSETCATALOG_COMPILER_APPICON_NAME = AppIcon;
				CODE_SIGN_STYLE = Automatic;
				DEVELOPMENT_TEAM = SRHNCNXVQ9;
				INFOPLIST_FILE = DrawningsTest/Info.plist;
				LD_RUNPATH_SEARCH_PATHS = (
					"$(inherited)",
					"@executable_path/Frameworks",
				);
				PRODUCT_BUNDLE_IDENTIFIER = AS.DrawningsTest;
				PRODUCT_NAME = "$(TARGET_NAME)";
				TARGETED_DEVICE_FAMILY = "1,2";
			};
			name = Release;
		};
/* End XCBuildConfiguration section */

/* Begin XCConfigurationList section */
		FA49C42921944BAB000B1738 /* Build configuration list for PBXProject "DrawningsTest" */ = {
			isa = XCConfigurationList;
			buildConfigurations = (
				FA49C44221944BAC000B1738 /* Debug */,
				FA49C44321944BAC000B1738 /* Release */,
			);
			defaultConfigurationIsVisible = 0;
			defaultConfigurationName = Release;
		};
		FA49C44421944BAC000B1738 /* Build configuration list for PBXNativeTarget "DrawningsTest" */ = {
			isa = XCConfigurationList;
			buildConfigurations = (
				FA49C44521944BAC000B1738 /* Debug */,
				FA49C44621944BAC000B1738 /* Release */,
			);
			defaultConfigurationIsVisible = 0;
			defaultConfigurationName = Release;
		};
/* End XCConfigurationList section */
	};
	rootObject = FA49C42621944BAB000B1738 /* Project object */;
}
