// !$*UTF8*$!
{
	archiveVersion = 1;
	classes = {
	};
	objectVersion = 50;
	objects = {

/* Begin PBXBuildFile section */
		FA9BCD6D21C7C98200D4320F /* AppDelegate.m in Sources */ = {isa = PBXBuildFile; fileRef = FA9BCD6C21C7C98200D4320F /* AppDelegate.m */; };
		FA9BCD7021C7C98200D4320F /* ViewController.m in Sources */ = {isa = PBXBuildFile; fileRef = FA9BCD6F21C7C98200D4320F /* ViewController.m */; };
		FA9BCD7321C7C98200D4320F /* Main.storyboard in Resources */ = {isa = PBXBuildFile; fileRef = FA9BCD7121C7C98200D4320F /* Main.storyboard */; };
		FA9BCD7521C7C98300D4320F /* Assets.xcassets in Resources */ = {isa = PBXBuildFile; fileRef = FA9BCD7421C7C98300D4320F /* Assets.xcassets */; };
		FA9BCD7821C7C98300D4320F /* LaunchScreen.storyboard in Resources */ = {isa = PBXBuildFile; fileRef = FA9BCD7621C7C98300D4320F /* LaunchScreen.storyboard */; };
		FA9BCD7B21C7C98300D4320F /* main.m in Sources */ = {isa = PBXBuildFile; fileRef = FA9BCD7A21C7C98300D4320F /* main.m */; };
/* End PBXBuildFile section */

/* Begin PBXFileReference section */
		FA9BCD6821C7C98200D4320F /* TextFieldFormatTest.app */ = {isa = PBXFileReference; explicitFileType = wrapper.application; includeInIndex = 0; path = TextFieldFormatTest.app; sourceTree = BUILT_PRODUCTS_DIR; };
		FA9BCD6B21C7C98200D4320F /* AppDelegate.h */ = {isa = PBXFileReference; lastKnownFileType = sourcecode.c.h; path = AppDelegate.h; sourceTree = "<group>"; };
		FA9BCD6C21C7C98200D4320F /* AppDelegate.m */ = {isa = PBXFileReference; lastKnownFileType = sourcecode.c.objc; path = AppDelegate.m; sourceTree = "<group>"; };
		FA9BCD6E21C7C98200D4320F /* ViewController.h */ = {isa = PBXFileReference; lastKnownFileType = sourcecode.c.h; path = ViewController.h; sourceTree = "<group>"; };
		FA9BCD6F21C7C98200D4320F /* ViewController.m */ = {isa = PBXFileReference; lastKnownFileType = sourcecode.c.objc; path = ViewController.m; sourceTree = "<group>"; };
		FA9BCD7221C7C98200D4320F /* Base */ = {isa = PBXFileReference; lastKnownFileType = file.storyboard; name = Base; path = Base.lproj/Main.storyboard; sourceTree = "<group>"; };
		FA9BCD7421C7C98300D4320F /* Assets.xcassets */ = {isa = PBXFileReference; lastKnownFileType = folder.assetcatalog; path = Assets.xcassets; sourceTree = "<group>"; };
		FA9BCD7721C7C98300D4320F /* Base */ = {isa = PBXFileReference; lastKnownFileType = file.storyboard; name = Base; path = Base.lproj/LaunchScreen.storyboard; sourceTree = "<group>"; };
		FA9BCD7921C7C98300D4320F /* Info.plist */ = {isa = PBXFileReference; lastKnownFileType = text.plist.xml; path = Info.plist; sourceTree = "<group>"; };
		FA9BCD7A21C7C98300D4320F /* main.m */ = {isa = PBXFileReference; lastKnownFileType = sourcecode.c.objc; path = main.m; sourceTree = "<group>"; };
/* End PBXFileReference section */

/* Begin PBXFrameworksBuildPhase section */
		FA9BCD6521C7C98200D4320F /* Frameworks */ = {
			isa = PBXFrameworksBuildPhase;
			buildActionMask = 2147483647;
			files = (
			);
			runOnlyForDeploymentPostprocessing = 0;
		};
/* End PBXFrameworksBuildPhase section */

/* Begin PBXGroup section */
		FA9BCD5F21C7C98200D4320F = {
			isa = PBXGroup;
			children = (
				FA9BCD6A21C7C98200D4320F /* TextFieldFormatTest */,
				FA9BCD6921C7C98200D4320F /* Products */,
			);
			sourceTree = "<group>";
		};
		FA9BCD6921C7C98200D4320F /* Products */ = {
			isa = PBXGroup;
			children = (
				FA9BCD6821C7C98200D4320F /* TextFieldFormatTest.app */,
			);
			name = Products;
			sourceTree = "<group>";
		};
		FA9BCD6A21C7C98200D4320F /* TextFieldFormatTest */ = {
			isa = PBXGroup;
			children = (
				FA9BCD6B21C7C98200D4320F /* AppDelegate.h */,
				FA9BCD6C21C7C98200D4320F /* AppDelegate.m */,
				FA9BCD6E21C7C98200D4320F /* ViewController.h */,
				FA9BCD6F21C7C98200D4320F /* ViewController.m */,
				FA9BCD7121C7C98200D4320F /* Main.storyboard */,
				FA9BCD7421C7C98300D4320F /* Assets.xcassets */,
				FA9BCD7621C7C98300D4320F /* LaunchScreen.storyboard */,
				FA9BCD7921C7C98300D4320F /* Info.plist */,
				FA9BCD7A21C7C98300D4320F /* main.m */,
			);
			path = TextFieldFormatTest;
			sourceTree = "<group>";
		};
/* End PBXGroup section */

/* Begin PBXNativeTarget section */
		FA9BCD6721C7C98200D4320F /* TextFieldFormatTest */ = {
			isa = PBXNativeTarget;
			buildConfigurationList = FA9BCD7E21C7C98300D4320F /* Build configuration list for PBXNativeTarget "TextFieldFormatTest" */;
			buildPhases = (
				FA9BCD6421C7C98200D4320F /* Sources */,
				FA9BCD6521C7C98200D4320F /* Frameworks */,
				FA9BCD6621C7C98200D4320F /* Resources */,
			);
			buildRules = (
			);
			dependencies = (
			);
			name = TextFieldFormatTest;
			productName = TextFieldFormatTest;
			productReference = FA9BCD6821C7C98200D4320F /* TextFieldFormatTest.app */;
			productType = "com.apple.product-type.application";
		};
/* End PBXNativeTarget section */

/* Begin PBXProject section */
		FA9BCD6021C7C98200D4320F /* Project object */ = {
			isa = PBXProject;
			attributes = {
				LastUpgradeCheck = 1010;
				ORGANIZATIONNAME = "Alex Shpilenia";
				TargetAttributes = {
					FA9BCD6721C7C98200D4320F = {
						CreatedOnToolsVersion = 10.1;
					};
				};
			};
			buildConfigurationList = FA9BCD6321C7C98200D4320F /* Build configuration list for PBXProject "TextFieldFormatTest" */;
			compatibilityVersion = "Xcode 9.3";
			developmentRegion = en;
			hasScannedForEncodings = 0;
			knownRegions = (
				en,
				Base,
			);
			mainGroup = FA9BCD5F21C7C98200D4320F;
			productRefGroup = FA9BCD6921C7C98200D4320F /* Products */;
			projectDirPath = "";
			projectRoot = "";
			targets = (
				FA9BCD6721C7C98200D4320F /* TextFieldFormatTest */,
			);
		};
/* End PBXProject section */

/* Begin PBXResourcesBuildPhase section */
		FA9BCD6621C7C98200D4320F /* Resources */ = {
			isa = PBXResourcesBuildPhase;
			buildActionMask = 2147483647;
			files = (
				FA9BCD7821C7C98300D4320F /* LaunchScreen.storyboard in Resources */,
				FA9BCD7521C7C98300D4320F /* Assets.xcassets in Resources */,
				FA9BCD7321C7C98200D4320F /* Main.storyboard in Resources */,
			);
			runOnlyForDeploymentPostprocessing = 0;
		};
/* End PBXResourcesBuildPhase section */

/* Begin PBXSourcesBuildPhase section */
		FA9BCD6421C7C98200D4320F /* Sources */ = {
			isa = PBXSourcesBuildPhase;
			buildActionMask = 2147483647;
			files = (
				FA9BCD7021C7C98200D4320F /* ViewController.m in Sources */,
				FA9BCD7B21C7C98300D4320F /* main.m in Sources */,
				FA9BCD6D21C7C98200D4320F /* AppDelegate.m in Sources */,
			);
			runOnlyForDeploymentPostprocessing = 0;
		};
/* End PBXSourcesBuildPhase section */

/* Begin PBXVariantGroup section */
		FA9BCD7121C7C98200D4320F /* Main.storyboard */ = {
			isa = PBXVariantGroup;
			children = (
				FA9BCD7221C7C98200D4320F /* Base */,
			);
			name = Main.storyboard;
			sourceTree = "<group>";
		};
		FA9BCD7621C7C98300D4320F /* LaunchScreen.storyboard */ = {
			isa = PBXVariantGroup;
			children = (
				FA9BCD7721C7C98300D4320F /* Base */,
			);
			name = LaunchScreen.storyboard;
			sourceTree = "<group>";
		};
/* End PBXVariantGroup section */

/* Begin XCBuildConfiguration section */
		FA9BCD7C21C7C98300D4320F /* Debug */ = {
			isa = XCBuildConfiguration;
			buildSettings = {
				ALWAYS_SEARCH_USER_PATHS = NO;
				CLANG_ANALYZER_NONNULL = YES;
				CLANG_ANALYZER_NUMBER_OBJECT_CONVERSION = YES_AGGRESSIVE;
				CLANG_CXX_LANGUAGE_STANDARD = "gnu++14";
				CLANG_CXX_LIBRARY = "libc++";
				CLANG_ENABLE_MODULES = YES;
				CLANG_ENABLE_OBJC_ARC = YES;
				CLANG_ENABLE_OBJC_WEAK = YES;
				CLANG_WARN_BLOCK_CAPTURE_AUTORELEASING = YES;
				CLANG_WARN_BOOL_CONVERSION = YES;
				CLANG_WARN_COMMA = YES;
				CLANG_WARN_CONSTANT_CONVERSION = YES;
				CLANG_WARN_DEPRECATED_OBJC_IMPLEMENTATIONS = YES;
				CLANG_WARN_DIRECT_OBJC_ISA_USAGE = YES_ERROR;
				CLANG_WARN_DOCUMENTATION_COMMENTS = YES;
				CLANG_WARN_EMPTY_BODY = YES;
				CLANG_WARN_ENUM_CONVERSION = YES;
				CLANG_WARN_INFINITE_RECURSION = YES;
				CLANG_WARN_INT_CONVERSION = YES;
				CLANG_WARN_NON_LITERAL_NULL_CONVERSION = YES;
				CLANG_WARN_OBJC_IMPLICIT_RETAIN_SELF = YES;
				CLANG_WARN_OBJC_LITERAL_CONVERSION = YES;
				CLANG_WARN_OBJC_ROOT_CLASS = YES_ERROR;
				CLANG_WARN_RANGE_LOOP_ANALYSIS = YES;
				CLANG_WARN_STRICT_PROTOTYPES = YES;
				CLANG_WARN_SUSPICIOUS_MOVE = YES;
				CLANG_WARN_UNGUARDED_AVAILABILITY = YES_AGGRESSIVE;
				CLANG_WARN_UNREACHABLE_CODE = YES;
				CLANG_WARN__DUPLICATE_METHOD_MATCH = YES;
				CODE_SIGN_IDENTITY = "iPhone Developer";
				COPY_PHASE_STRIP = NO;
				DEBUG_INFORMATION_FORMAT = dwarf;
				ENABLE_STRICT_OBJC_MSGSEND = YES;
				ENABLE_TESTABILITY = YES;
				GCC_C_LANGUAGE_STANDARD = gnu11;
				GCC_DYNAMIC_NO_PIC = NO;
				GCC_NO_COMMON_BLOCKS = YES;
				GCC_OPTIMIZATION_LEVEL = 0;
				GCC_PREPROCESSOR_DEFINITIONS = (
					"DEBUG=1",
					"$(inherited)",
				);
				GCC_WARN_64_TO_32_BIT_CONVERSION = YES;
				GCC_WARN_ABOUT_RETURN_TYPE = YES_ERROR;
				GCC_WARN_UNDECLARED_SELECTOR = YES;
				GCC_WARN_UNINITIALIZED_AUTOS = YES_AGGRESSIVE;
				GCC_WARN_UNUSED_FUNCTION = YES;
				GCC_WARN_UNUSED_VARIABLE = YES;
				IPHONEOS_DEPLOYMENT_TARGET = 12.1;
				MTL_ENABLE_DEBUG_INFO = INCLUDE_SOURCE;
				MTL_FAST_MATH = YES;
				ONLY_ACTIVE_ARCH = YES;
				SDKROOT = iphoneos;
			};
			name = Debug;
		};
		FA9BCD7D21C7C98300D4320F /* Release */ = {
			isa = XCBuildConfiguration;
			buildSettings = {
				ALWAYS_SEARCH_USER_PATHS = NO;
				CLANG_ANALYZER_NONNULL = YES;
				CLANG_ANALYZER_NUMBER_OBJECT_CONVERSION = YES_AGGRESSIVE;
				CLANG_CXX_LANGUAGE_STANDARD = "gnu++14";
				CLANG_CXX_LIBRARY = "libc++";
				CLANG_ENABLE_MODULES = YES;
				CLANG_ENABLE_OBJC_ARC = YES;
				CLANG_ENABLE_OBJC_WEAK = YES;
				CLANG_WARN_BLOCK_CAPTURE_AUTORELEASING = YES;
				CLANG_WARN_BOOL_CONVERSION = YES;
				CLANG_WARN_COMMA = YES;
				CLANG_WARN_CONSTANT_CONVERSION = YES;
				CLANG_WARN_DEPRECATED_OBJC_IMPLEMENTATIONS = YES;
				CLANG_WARN_DIRECT_OBJC_ISA_USAGE = YES_ERROR;
				CLANG_WARN_DOCUMENTATION_COMMENTS = YES;
				CLANG_WARN_EMPTY_BODY = YES;
				CLANG_WARN_ENUM_CONVERSION = YES;
				CLANG_WARN_INFINITE_RECURSION = YES;
				CLANG_WARN_INT_CONVERSION = YES;
				CLANG_WARN_NON_LITERAL_NULL_CONVERSION = YES;
				CLANG_WARN_OBJC_IMPLICIT_RETAIN_SELF = YES;
				CLANG_WARN_OBJC_LITERAL_CONVERSION = YES;
				CLANG_WARN_OBJC_ROOT_CLASS = YES_ERROR;
				CLANG_WARN_RANGE_LOOP_ANALYSIS = YES;
				CLANG_WARN_STRICT_PROTOTYPES = YES;
				CLANG_WARN_SUSPICIOUS_MOVE = YES;
				CLANG_WARN_UNGUARDED_AVAILABILITY = YES_AGGRESSIVE;
				CLANG_WARN_UNREACHABLE_CODE = YES;
				CLANG_WARN__DUPLICATE_METHOD_MATCH = YES;
				CODE_SIGN_IDENTITY = "iPhone Developer";
				COPY_PHASE_STRIP = NO;
				DEBUG_INFORMATION_FORMAT = "dwarf-with-dsym";
				ENABLE_NS_ASSERTIONS = NO;
				ENABLE_STRICT_OBJC_MSGSEND = YES;
				GCC_C_LANGUAGE_STANDARD = gnu11;
				GCC_NO_COMMON_BLOCKS = YES;
				GCC_WARN_64_TO_32_BIT_CONVERSION = YES;
				GCC_WARN_ABOUT_RETURN_TYPE = YES_ERROR;
				GCC_WARN_UNDECLARED_SELECTOR = YES;
				GCC_WARN_UNINITIALIZED_AUTOS = YES_AGGRESSIVE;
				GCC_WARN_UNUSED_FUNCTION = YES;
				GCC_WARN_UNUSED_VARIABLE = YES;
				IPHONEOS_DEPLOYMENT_TARGET = 12.1;
				MTL_ENABLE_DEBUG_INFO = NO;
				MTL_FAST_MATH = YES;
				SDKROOT = iphoneos;
				VALIDATE_PRODUCT = YES;
			};
			name = Release;
		};
		FA9BCD7F21C7C98300D4320F /* Debug */ = {
			isa = XCBuildConfiguration;
			buildSettings = {
				ASSETCATALOG_COMPILER_APPICON_NAME = AppIcon;
				CODE_SIGN_STYLE = Automatic;
				DEVELOPMENT_TEAM = SRHNCNXVQ9;
				INFOPLIST_FILE = TextFieldFormatTest/Info.plist;
				LD_RUNPATH_SEARCH_PATHS = (
					"$(inherited)",
					"@executable_path/Frameworks",
				);
				PRODUCT_BUNDLE_IDENTIFIER = AS.TextFieldFormatTest;
				PRODUCT_NAME = "$(TARGET_NAME)";
				TARGETED_DEVICE_FAMILY = "1,2";
			};
			name = Debug;
		};
		FA9BCD8021C7C98300D4320F /* Release */ = {
			isa = XCBuildConfiguration;
			buildSettings = {
				ASSETCATALOG_COMPILER_APPICON_NAME = AppIcon;
				CODE_SIGN_STYLE = Automatic;
				DEVELOPMENT_TEAM = SRHNCNXVQ9;
				INFOPLIST_FILE = TextFieldFormatTest/Info.plist;
				LD_RUNPATH_SEARCH_PATHS = (
					"$(inherited)",
					"@executable_path/Frameworks",
				);
				PRODUCT_BUNDLE_IDENTIFIER = AS.TextFieldFormatTest;
				PRODUCT_NAME = "$(TARGET_NAME)";
				TARGETED_DEVICE_FAMILY = "1,2";
			};
			name = Release;
		};
/* End XCBuildConfiguration section */

/* Begin XCConfigurationList section */
		FA9BCD6321C7C98200D4320F /* Build configuration list for PBXProject "TextFieldFormatTest" */ = {
			isa = XCConfigurationList;
			buildConfigurations = (
				FA9BCD7C21C7C98300D4320F /* Debug */,
				FA9BCD7D21C7C98300D4320F /* Release */,
			);
			defaultConfigurationIsVisible = 0;
			defaultConfigurationName = Release;
		};
		FA9BCD7E21C7C98300D4320F /* Build configuration list for PBXNativeTarget "TextFieldFormatTest" */ = {
			isa = XCConfigurationList;
			buildConfigurations = (
				FA9BCD7F21C7C98300D4320F /* Debug */,
				FA9BCD8021C7C98300D4320F /* Release */,
			);
			defaultConfigurationIsVisible = 0;
			defaultConfigurationName = Release;
		};
/* End XCConfigurationList section */
	};
	rootObject = FA9BCD6021C7C98200D4320F /* Project object */;
}
